{
  "requires": true,
  "lockfileVersion": 1,
  "dependencies": {
    "cloudinary-core": {
      "version": "2.7.3",
      "resolved": "https://registry.npmjs.org/cloudinary-core/-/cloudinary-core-2.7.3.tgz",
      "integrity": "sha512-orF0sjYsiDkE9pl82RNXFwjgKynSIpNNdtLT8GEIxEYZLKlxW/JliArILqzyZdsdkuF0R2foFxxPnZvtymfWpQ=="
    }
  }
}
